
Microsoft Visual Studio Solution File, Format Version 12.00
# Blend for Visual Studio 14
VisualStudioVersion = 14.0.24720.0
MinimumVisualStudioVersion = 10.0.40219.1
Project("{FAE04EC0-301F-11D3-BF4B-00C04F79EFBC}") = "KankoreTCG", "KankoreTCG\KankoreTCG.csproj", "{09641A07-5529-446E-894F-F921B601690F}"
EndProject
Global
	GlobalSection(SolutionConfigurationPlatforms) = preSolution
		Debug|Any CPU = Debug|Any CPU
		Release|Any CPU = Release|Any CPU
	EndGlobalSection
	GlobalSection(ProjectConfigurationPlatforms) = postSolution
		{09641A07-5529-446E-894F-F921B601690F}.Debug|Any CPU.ActiveCfg = Debug|Any CPU
		{09641A07-5529-446E-894F-F921B601690F}.Debug|Any CPU.Build.0 = Debug|Any CPU
		{09641A07-5529-446E-894F-F921B601690F}.Release|Any CPU.ActiveCfg = Release|Any CPU
		{09641A07-5529-446E-894F-F921B601690F}.Release|Any CPU.Build.0 = Release|Any CPU
	EndGlobalSection
	GlobalSection(SolutionProperties) = preSolution
		HideSolutionNode = FALSE
	EndGlobalSection
EndGlobal
